// !$*UTF8*$!
{
	archiveVersion = 1;
	classes = {
	};
	objectVersion = 46;
	objects = {

/* Begin PBXBuildFile section */
		3C5762E91ECA75E200517ED0 /* AppDelegate.swift in Sources */ = {isa = PBXBuildFile; fileRef = 3C5762E81ECA75E200517ED0 /* AppDelegate.swift */; };
		3C5762EB1ECA75E200517ED0 /* ViewController.swift in Sources */ = {isa = PBXBuildFile; fileRef = 3C5762EA1ECA75E200517ED0 /* ViewController.swift */; };
		3C5762EE1ECA75E200517ED0 /* Main.storyboard in Resources */ = {isa = PBXBuildFile; fileRef = 3C5762EC1ECA75E200517ED0 /* Main.storyboard */; };
		3C5762F01ECA75E200517ED0 /* Assets.xcassets in Resources */ = {isa = PBXBuildFile; fileRef = 3C5762EF1ECA75E200517ED0 /* Assets.xcassets */; };
		3C5762F31ECA75E200517ED0 /* LaunchScreen.storyboard in Resources */ = {isa = PBXBuildFile; fileRef = 3C5762F11ECA75E200517ED0 /* LaunchScreen.storyboard */; };
		3C5762FE1ECA75E200517ED0 /* co_speak_appTests.swift in Sources */ = {isa = PBXBuildFile; fileRef = 3C5762FD1ECA75E200517ED0 /* co_speak_appTests.swift */; };
		3C5763091ECA75E200517ED0 /* co_speak_appUITests.swift in Sources */ = {isa = PBXBuildFile; fileRef = 3C5763081ECA75E200517ED0 /* co_speak_appUITests.swift */; };
		3C5763471ECA760C00517ED0 /* SocketAckEmitter.swift in Sources */ = {isa = PBXBuildFile; fileRef = 3C57632F1ECA760C00517ED0 /* SocketAckEmitter.swift */; };
		3C5763481ECA760C00517ED0 /* SocketAckManager.swift in Sources */ = {isa = PBXBuildFile; fileRef = 3C5763301ECA760C00517ED0 /* SocketAckManager.swift */; };
		3C5763491ECA760C00517ED0 /* SocketAnyEvent.swift in Sources */ = {isa = PBXBuildFile; fileRef = 3C5763311ECA760C00517ED0 /* SocketAnyEvent.swift */; };
		3C57634A1ECA760C00517ED0 /* SocketClientManager.swift in Sources */ = {isa = PBXBuildFile; fileRef = 3C5763321ECA760C00517ED0 /* SocketClientManager.swift */; };
		3C57634B1ECA760C00517ED0 /* SocketEngine.swift in Sources */ = {isa = PBXBuildFile; fileRef = 3C5763331ECA760C00517ED0 /* SocketEngine.swift */; };
		3C57634C1ECA760C00517ED0 /* SocketEngineClient.swift in Sources */ = {isa = PBXBuildFile; fileRef = 3C5763341ECA760C00517ED0 /* SocketEngineClient.swift */; };
		3C57634D1ECA760C00517ED0 /* SocketEnginePacketType.swift in Sources */ = {isa = PBXBuildFile; fileRef = 3C5763351ECA760C00517ED0 /* SocketEnginePacketType.swift */; };
		3C57634E1ECA760C00517ED0 /* SocketEnginePollable.swift in Sources */ = {isa = PBXBuildFile; fileRef = 3C5763361ECA760C00517ED0 /* SocketEnginePollable.swift */; };
		3C57634F1ECA760C00517ED0 /* SocketEngineSpec.swift in Sources */ = {isa = PBXBuildFile; fileRef = 3C5763371ECA760C00517ED0 /* SocketEngineSpec.swift */; };
		3C5763501ECA760C00517ED0 /* SocketEngineWebsocket.swift in Sources */ = {isa = PBXBuildFile; fileRef = 3C5763381ECA760C00517ED0 /* SocketEngineWebsocket.swift */; };
		3C5763511ECA760C00517ED0 /* SocketEventHandler.swift in Sources */ = {isa = PBXBuildFile; fileRef = 3C5763391ECA760C00517ED0 /* SocketEventHandler.swift */; };
		3C5763521ECA760C00517ED0 /* SocketExtensions.swift in Sources */ = {isa = PBXBuildFile; fileRef = 3C57633A1ECA760C00517ED0 /* SocketExtensions.swift */; };
		3C5763531ECA760C00517ED0 /* SocketIOClient.swift in Sources */ = {isa = PBXBuildFile; fileRef = 3C57633B1ECA760C00517ED0 /* SocketIOClient.swift */; };
		3C5763541ECA760C00517ED0 /* SocketIOClientConfiguration.swift in Sources */ = {isa = PBXBuildFile; fileRef = 3C57633C1ECA760C00517ED0 /* SocketIOClientConfiguration.swift */; };
		3C5763551ECA760C00517ED0 /* SocketIOClientOption.swift in Sources */ = {isa = PBXBuildFile; fileRef = 3C57633D1ECA760C00517ED0 /* SocketIOClientOption.swift */; };
		3C5763561ECA760C00517ED0 /* SocketIOClientSpec.swift in Sources */ = {isa = PBXBuildFile; fileRef = 3C57633E1ECA760C00517ED0 /* SocketIOClientSpec.swift */; };
		3C5763571ECA760C00517ED0 /* SocketIOClientStatus.swift in Sources */ = {isa = PBXBuildFile; fileRef = 3C57633F1ECA760C00517ED0 /* SocketIOClientStatus.swift */; };
		3C5763581ECA760C00517ED0 /* SocketLogger.swift in Sources */ = {isa = PBXBuildFile; fileRef = 3C5763401ECA760C00517ED0 /* SocketLogger.swift */; };
		3C5763591ECA760C00517ED0 /* SocketPacket.swift in Sources */ = {isa = PBXBuildFile; fileRef = 3C5763411ECA760C00517ED0 /* SocketPacket.swift */; };
		3C57635A1ECA760C00517ED0 /* SocketParsable.swift in Sources */ = {isa = PBXBuildFile; fileRef = 3C5763421ECA760C00517ED0 /* SocketParsable.swift */; };
		3C57635B1ECA760C00517ED0 /* SocketStringReader.swift in Sources */ = {isa = PBXBuildFile; fileRef = 3C5763431ECA760C00517ED0 /* SocketStringReader.swift */; };
		3C57635C1ECA760C00517ED0 /* SocketTypes.swift in Sources */ = {isa = PBXBuildFile; fileRef = 3C5763441ECA760C00517ED0 /* SocketTypes.swift */; };
		3C57635D1ECA760C00517ED0 /* SSLSecurity.swift in Sources */ = {isa = PBXBuildFile; fileRef = 3C5763451ECA760C00517ED0 /* SSLSecurity.swift */; };
		3C57635E1ECA760C00517ED0 /* WebSocket.swift in Sources */ = {isa = PBXBuildFile; fileRef = 3C5763461ECA760C00517ED0 /* WebSocket.swift */; };
/* End PBXBuildFile section */

/* Begin PBXContainerItemProxy section */
		3C5762FA1ECA75E200517ED0 /* PBXContainerItemProxy */ = {
			isa = PBXContainerItemProxy;
			containerPortal = 3C5762DD1ECA75E200517ED0 /* Project object */;
			proxyType = 1;
			remoteGlobalIDString = 3C5762E41ECA75E200517ED0;
			remoteInfo = "co-speak-app";
		};
		3C5763051ECA75E200517ED0 /* PBXContainerItemProxy */ = {
			isa = PBXContainerItemProxy;
			containerPortal = 3C5762DD1ECA75E200517ED0 /* Project object */;
			proxyType = 1;
			remoteGlobalIDString = 3C5762E41ECA75E200517ED0;
			remoteInfo = "co-speak-app";
		};
		3C5763651ECA760C00517ED0 /* PBXContainerItemProxy */ = {
			isa = PBXContainerItemProxy;
			containerPortal = 3C57632C1ECA760C00517ED0 /* Socket.IO-Client-Swift.xcodeproj */;
			proxyType = 2;
			remoteGlobalIDString = 572EF2191B51F16C00EEBB58;
			remoteInfo = "SocketIO-iOS";
		};
		3C5763671ECA760C00517ED0 /* PBXContainerItemProxy */ = {
			isa = PBXContainerItemProxy;
			containerPortal = 3C57632C1ECA760C00517ED0 /* Socket.IO-Client-Swift.xcodeproj */;
			proxyType = 2;
			remoteGlobalIDString = 572EF2241B51F16C00EEBB58;
			remoteInfo = "SocketIO-iOSTests";
		};
		3C5763691ECA760C00517ED0 /* PBXContainerItemProxy */ = {
			isa = PBXContainerItemProxy;
			containerPortal = 3C57632C1ECA760C00517ED0 /* Socket.IO-Client-Swift.xcodeproj */;
			proxyType = 2;
			remoteGlobalIDString = 572EF2381B51F18A00EEBB58;
			remoteInfo = "SocketIO-Mac";
		};
		3C57636B1ECA760C00517ED0 /* PBXContainerItemProxy */ = {
			isa = PBXContainerItemProxy;
			containerPortal = 3C57632C1ECA760C00517ED0 /* Socket.IO-Client-Swift.xcodeproj */;
			proxyType = 2;
			remoteGlobalIDString = 572EF2421B51F18A00EEBB58;
			remoteInfo = "SocketIO-MacTests";
		};
		3C57636D1ECA760C00517ED0 /* PBXContainerItemProxy */ = {
			isa = PBXContainerItemProxy;
			containerPortal = 3C57632C1ECA760C00517ED0 /* Socket.IO-Client-Swift.xcodeproj */;
			proxyType = 2;
			remoteGlobalIDString = 57634A161BD9B46A00E19CD7;
			remoteInfo = "SocketIO-tvOS";
		};
		3C57636F1ECA760C00517ED0 /* PBXContainerItemProxy */ = {
			isa = PBXContainerItemProxy;
			containerPortal = 3C57632C1ECA760C00517ED0 /* Socket.IO-Client-Swift.xcodeproj */;
			proxyType = 2;
			remoteGlobalIDString = 57634A3B1BD9B46D00E19CD7;
			remoteInfo = "SocketIO-tvOSTests";
		};
/* End PBXContainerItemProxy section */

/* Begin PBXFileReference section */
		3C5762E51ECA75E200517ED0 /* co-speak-app.app */ = {isa = PBXFileReference; explicitFileType = wrapper.application; includeInIndex = 0; path = "co-speak-app.app"; sourceTree = BUILT_PRODUCTS_DIR; };
		3C5762E81ECA75E200517ED0 /* AppDelegate.swift */ = {isa = PBXFileReference; lastKnownFileType = sourcecode.swift; path = AppDelegate.swift; sourceTree = "<group>"; };
		3C5762EA1ECA75E200517ED0 /* ViewController.swift */ = {isa = PBXFileReference; lastKnownFileType = sourcecode.swift; path = ViewController.swift; sourceTree = "<group>"; };
		3C5762ED1ECA75E200517ED0 /* Base */ = {isa = PBXFileReference; lastKnownFileType = file.storyboard; name = Base; path = Base.lproj/Main.storyboard; sourceTree = "<group>"; };
		3C5762EF1ECA75E200517ED0 /* Assets.xcassets */ = {isa = PBXFileReference; lastKnownFileType = folder.assetcatalog; path = Assets.xcassets; sourceTree = "<group>"; };
		3C5762F21ECA75E200517ED0 /* Base */ = {isa = PBXFileReference; lastKnownFileType = file.storyboard; name = Base; path = Base.lproj/LaunchScreen.storyboard; sourceTree = "<group>"; };
		3C5762F41ECA75E200517ED0 /* Info.plist */ = {isa = PBXFileReference; lastKnownFileType = text.plist.xml; path = Info.plist; sourceTree = "<group>"; };
		3C5762F91ECA75E200517ED0 /* co-speak-appTests.xctest */ = {isa = PBXFileReference; explicitFileType = wrapper.cfbundle; includeInIndex = 0; path = "co-speak-appTests.xctest"; sourceTree = BUILT_PRODUCTS_DIR; };
		3C5762FD1ECA75E200517ED0 /* co_speak_appTests.swift */ = {isa = PBXFileReference; lastKnownFileType = sourcecode.swift; path = co_speak_appTests.swift; sourceTree = "<group>"; };
		3C5762FF1ECA75E200517ED0 /* Info.plist */ = {isa = PBXFileReference; lastKnownFileType = text.plist.xml; path = Info.plist; sourceTree = "<group>"; };
		3C5763041ECA75E200517ED0 /* co-speak-appUITests.xctest */ = {isa = PBXFileReference; explicitFileType = wrapper.cfbundle; includeInIndex = 0; path = "co-speak-appUITests.xctest"; sourceTree = BUILT_PRODUCTS_DIR; };
		3C5763081ECA75E200517ED0 /* co_speak_appUITests.swift */ = {isa = PBXFileReference; lastKnownFileType = sourcecode.swift; path = co_speak_appUITests.swift; sourceTree = "<group>"; };
		3C57630A1ECA75E200517ED0 /* Info.plist */ = {isa = PBXFileReference; lastKnownFileType = text.plist.xml; path = Info.plist; sourceTree = "<group>"; };
		3C57632C1ECA760C00517ED0 /* Socket.IO-Client-Swift.xcodeproj */ = {isa = PBXFileReference; lastKnownFileType = "wrapper.pb-project"; path = "Socket.IO-Client-Swift.xcodeproj"; sourceTree = "<group>"; };
		3C57632F1ECA760C00517ED0 /* SocketAckEmitter.swift */ = {isa = PBXFileReference; fileEncoding = 4; lastKnownFileType = sourcecode.swift; path = SocketAckEmitter.swift; sourceTree = "<group>"; };
		3C5763301ECA760C00517ED0 /* SocketAckManager.swift */ = {isa = PBXFileReference; fileEncoding = 4; lastKnownFileType = sourcecode.swift; path = SocketAckManager.swift; sourceTree = "<group>"; };
		3C5763311ECA760C00517ED0 /* SocketAnyEvent.swift */ = {isa = PBXFileReference; fileEncoding = 4; lastKnownFileType = sourcecode.swift; path = SocketAnyEvent.swift; sourceTree = "<group>"; };
		3C5763321ECA760C00517ED0 /* SocketClientManager.swift */ = {isa = PBXFileReference; fileEncoding = 4; lastKnownFileType = sourcecode.swift; path = SocketClientManager.swift; sourceTree = "<group>"; };
		3C5763331ECA760C00517ED0 /* SocketEngine.swift */ = {isa = PBXFileReference; fileEncoding = 4; lastKnownFileType = sourcecode.swift; path = SocketEngine.swift; sourceTree = "<group>"; };
		3C5763341ECA760C00517ED0 /* SocketEngineClient.swift */ = {isa = PBXFileReference; fileEncoding = 4; lastKnownFileType = sourcecode.swift; path = SocketEngineClient.swift; sourceTree = "<group>"; };
		3C5763351ECA760C00517ED0 /* SocketEnginePacketType.swift */ = {isa = PBXFileReference; fileEncoding = 4; lastKnownFileType = sourcecode.swift; path = SocketEnginePacketType.swift; sourceTree = "<group>"; };
		3C5763361ECA760C00517ED0 /* SocketEnginePollable.swift */ = {isa = PBXFileReference; fileEncoding = 4; lastKnownFileType = sourcecode.swift; path = SocketEnginePollable.swift; sourceTree = "<group>"; };
		3C5763371ECA760C00517ED0 /* SocketEngineSpec.swift */ = {isa = PBXFileReference; fileEncoding = 4; lastKnownFileType = sourcecode.swift; path = SocketEngineSpec.swift; sourceTree = "<group>"; };
		3C5763381ECA760C00517ED0 /* SocketEngineWebsocket.swift */ = {isa = PBXFileReference; fileEncoding = 4; lastKnownFileType = sourcecode.swift; path = SocketEngineWebsocket.swift; sourceTree = "<group>"; };
		3C5763391ECA760C00517ED0 /* SocketEventHandler.swift */ = {isa = PBXFileReference; fileEncoding = 4; lastKnownFileType = sourcecode.swift; path = SocketEventHandler.swift; sourceTree = "<group>"; };
		3C57633A1ECA760C00517ED0 /* SocketExtensions.swift */ = {isa = PBXFileReference; fileEncoding = 4; lastKnownFileType = sourcecode.swift; path = SocketExtensions.swift; sourceTree = "<group>"; };
		3C57633B1ECA760C00517ED0 /* SocketIOClient.swift */ = {isa = PBXFileReference; fileEncoding = 4; lastKnownFileType = sourcecode.swift; path = SocketIOClient.swift; sourceTree = "<group>"; };
		3C57633C1ECA760C00517ED0 /* SocketIOClientConfiguration.swift */ = {isa = PBXFileReference; fileEncoding = 4; lastKnownFileType = sourcecode.swift; path = SocketIOClientConfiguration.swift; sourceTree = "<group>"; };
		3C57633D1ECA760C00517ED0 /* SocketIOClientOption.swift */ = {isa = PBXFileReference; fileEncoding = 4; lastKnownFileType = sourcecode.swift; path = SocketIOClientOption.swift; sourceTree = "<group>"; };
		3C57633E1ECA760C00517ED0 /* SocketIOClientSpec.swift */ = {isa = PBXFileReference; fileEncoding = 4; lastKnownFileType = sourcecode.swift; path = SocketIOClientSpec.swift; sourceTree = "<group>"; };
		3C57633F1ECA760C00517ED0 /* SocketIOClientStatus.swift */ = {isa = PBXFileReference; fileEncoding = 4; lastKnownFileType = sourcecode.swift; path = SocketIOClientStatus.swift; sourceTree = "<group>"; };
		3C5763401ECA760C00517ED0 /* SocketLogger.swift */ = {isa = PBXFileReference; fileEncoding = 4; lastKnownFileType = sourcecode.swift; path = SocketLogger.swift; sourceTree = "<group>"; };
		3C5763411ECA760C00517ED0 /* SocketPacket.swift */ = {isa = PBXFileReference; fileEncoding = 4; lastKnownFileType = sourcecode.swift; path = SocketPacket.swift; sourceTree = "<group>"; };
		3C5763421ECA760C00517ED0 /* SocketParsable.swift */ = {isa = PBXFileReference; fileEncoding = 4; lastKnownFileType = sourcecode.swift; path = SocketParsable.swift; sourceTree = "<group>"; };
		3C5763431ECA760C00517ED0 /* SocketStringReader.swift */ = {isa = PBXFileReference; fileEncoding = 4; lastKnownFileType = sourcecode.swift; path = SocketStringReader.swift; sourceTree = "<group>"; };
		3C5763441ECA760C00517ED0 /* SocketTypes.swift */ = {isa = PBXFileReference; fileEncoding = 4; lastKnownFileType = sourcecode.swift; path = SocketTypes.swift; sourceTree = "<group>"; };
		3C5763451ECA760C00517ED0 /* SSLSecurity.swift */ = {isa = PBXFileReference; fileEncoding = 4; lastKnownFileType = sourcecode.swift; path = SSLSecurity.swift; sourceTree = "<group>"; };
		3C5763461ECA760C00517ED0 /* WebSocket.swift */ = {isa = PBXFileReference; fileEncoding = 4; lastKnownFileType = sourcecode.swift; path = WebSocket.swift; sourceTree = "<group>"; };
/* End PBXFileReference section */

/* Begin PBXFrameworksBuildPhase section */
		3C5762E21ECA75E200517ED0 /* Frameworks */ = {
			isa = PBXFrameworksBuildPhase;
			buildActionMask = 2147483647;
			files = (
			);
			runOnlyForDeploymentPostprocessing = 0;
		};
		3C5762F61ECA75E200517ED0 /* Frameworks */ = {
			isa = PBXFrameworksBuildPhase;
			buildActionMask = 2147483647;
			files = (
			);
			runOnlyForDeploymentPostprocessing = 0;
		};
		3C5763011ECA75E200517ED0 /* Frameworks */ = {
			isa = PBXFrameworksBuildPhase;
			buildActionMask = 2147483647;
			files = (
			);
			runOnlyForDeploymentPostprocessing = 0;
		};
/* End PBXFrameworksBuildPhase section */

/* Begin PBXGroup section */
		3C5762DC1ECA75E200517ED0 = {
			isa = PBXGroup;
			children = (
				3C5762E71ECA75E200517ED0 /* co-speak-app */,
				3C5762FC1ECA75E200517ED0 /* co-speak-appTests */,
				3C5763071ECA75E200517ED0 /* co-speak-appUITests */,
				3C5762E61ECA75E200517ED0 /* Products */,
				3C57632B1ECA760C00517ED0 /* Source */,
			);
			sourceTree = "<group>";
		};
		3C5762E61ECA75E200517ED0 /* Products */ = {
			isa = PBXGroup;
			children = (
				3C5762E51ECA75E200517ED0 /* co-speak-app.app */,
				3C5762F91ECA75E200517ED0 /* co-speak-appTests.xctest */,
				3C5763041ECA75E200517ED0 /* co-speak-appUITests.xctest */,
			);
			name = Products;
			sourceTree = "<group>";
		};
		3C5762E71ECA75E200517ED0 /* co-speak-app */ = {
			isa = PBXGroup;
			children = (
				3C5762E81ECA75E200517ED0 /* AppDelegate.swift */,
				3C5762EA1ECA75E200517ED0 /* ViewController.swift */,
				3C5762EC1ECA75E200517ED0 /* Main.storyboard */,
				3C5762EF1ECA75E200517ED0 /* Assets.xcassets */,
				3C5762F11ECA75E200517ED0 /* LaunchScreen.storyboard */,
				3C5762F41ECA75E200517ED0 /* Info.plist */,
			);
			path = "co-speak-app";
			sourceTree = "<group>";
		};
		3C5762FC1ECA75E200517ED0 /* co-speak-appTests */ = {
			isa = PBXGroup;
			children = (
				3C5762FD1ECA75E200517ED0 /* co_speak_appTests.swift */,
				3C5762FF1ECA75E200517ED0 /* Info.plist */,
			);
			path = "co-speak-appTests";
			sourceTree = "<group>";
		};
		3C5763071ECA75E200517ED0 /* co-speak-appUITests */ = {
			isa = PBXGroup;
			children = (
				3C5763081ECA75E200517ED0 /* co_speak_appUITests.swift */,
				3C57630A1ECA75E200517ED0 /* Info.plist */,
			);
			path = "co-speak-appUITests";
			sourceTree = "<group>";
		};
		3C57632B1ECA760C00517ED0 /* Source */ = {
			isa = PBXGroup;
			children = (
				3C57632C1ECA760C00517ED0 /* Socket.IO-Client-Swift.xcodeproj */,
				3C57632F1ECA760C00517ED0 /* SocketAckEmitter.swift */,
				3C5763301ECA760C00517ED0 /* SocketAckManager.swift */,
				3C5763311ECA760C00517ED0 /* SocketAnyEvent.swift */,
				3C5763321ECA760C00517ED0 /* SocketClientManager.swift */,
				3C5763331ECA760C00517ED0 /* SocketEngine.swift */,
				3C5763341ECA760C00517ED0 /* SocketEngineClient.swift */,
				3C5763351ECA760C00517ED0 /* SocketEnginePacketType.swift */,
				3C5763361ECA760C00517ED0 /* SocketEnginePollable.swift */,
				3C5763371ECA760C00517ED0 /* SocketEngineSpec.swift */,
				3C5763381ECA760C00517ED0 /* SocketEngineWebsocket.swift */,
				3C5763391ECA760C00517ED0 /* SocketEventHandler.swift */,
				3C57633A1ECA760C00517ED0 /* SocketExtensions.swift */,
				3C57633B1ECA760C00517ED0 /* SocketIOClient.swift */,
				3C57633C1ECA760C00517ED0 /* SocketIOClientConfiguration.swift */,
				3C57633D1ECA760C00517ED0 /* SocketIOClientOption.swift */,
				3C57633E1ECA760C00517ED0 /* SocketIOClientSpec.swift */,
				3C57633F1ECA760C00517ED0 /* SocketIOClientStatus.swift */,
				3C5763401ECA760C00517ED0 /* SocketLogger.swift */,
				3C5763411ECA760C00517ED0 /* SocketPacket.swift */,
				3C5763421ECA760C00517ED0 /* SocketParsable.swift */,
				3C5763431ECA760C00517ED0 /* SocketStringReader.swift */,
				3C5763441ECA760C00517ED0 /* SocketTypes.swift */,
				3C5763451ECA760C00517ED0 /* SSLSecurity.swift */,
				3C5763461ECA760C00517ED0 /* WebSocket.swift */,
			);
			path = Source;
			sourceTree = "<group>";
		};
		3C57632D1ECA760C00517ED0 /* Products */ = {
			isa = PBXGroup;
			children = (
				3C5763661ECA760C00517ED0 /* SocketIO.framework */,
				3C5763681ECA760C00517ED0 /* SocketIO-iOSTests.xctest */,
				3C57636A1ECA760C00517ED0 /* SocketIO.framework */,
				3C57636C1ECA760C00517ED0 /* SocketIO-MacTests.xctest */,
				3C57636E1ECA760C00517ED0 /* SocketIO.framework */,
				3C5763701ECA760C00517ED0 /* SocketIO-tvOSTests.xctest */,
			);
			name = Products;
			sourceTree = "<group>";
		};
/* End PBXGroup section */

/* Begin PBXNativeTarget section */
		3C5762E41ECA75E200517ED0 /* co-speak-app */ = {
			isa = PBXNativeTarget;
			buildConfigurationList = 3C57630D1ECA75E200517ED0 /* Build configuration list for PBXNativeTarget "co-speak-app" */;
			buildPhases = (
				3C5762E11ECA75E200517ED0 /* Sources */,
				3C5762E21ECA75E200517ED0 /* Frameworks */,
				3C5762E31ECA75E200517ED0 /* Resources */,
			);
			buildRules = (
			);
			dependencies = (
			);
			name = "co-speak-app";
			productName = "co-speak-app";
			productReference = 3C5762E51ECA75E200517ED0 /* co-speak-app.app */;
			productType = "com.apple.product-type.application";
		};
		3C5762F81ECA75E200517ED0 /* co-speak-appTests */ = {
			isa = PBXNativeTarget;
			buildConfigurationList = 3C5763101ECA75E200517ED0 /* Build configuration list for PBXNativeTarget "co-speak-appTests" */;
			buildPhases = (
				3C5762F51ECA75E200517ED0 /* Sources */,
				3C5762F61ECA75E200517ED0 /* Frameworks */,
				3C5762F71ECA75E200517ED0 /* Resources */,
			);
			buildRules = (
			);
			dependencies = (
				3C5762FB1ECA75E200517ED0 /* PBXTargetDependency */,
			);
			name = "co-speak-appTests";
			productName = "co-speak-appTests";
			productReference = 3C5762F91ECA75E200517ED0 /* co-speak-appTests.xctest */;
			productType = "com.apple.product-type.bundle.unit-test";
		};
		3C5763031ECA75E200517ED0 /* co-speak-appUITests */ = {
			isa = PBXNativeTarget;
			buildConfigurationList = 3C5763131ECA75E200517ED0 /* Build configuration list for PBXNativeTarget "co-speak-appUITests" */;
			buildPhases = (
				3C5763001ECA75E200517ED0 /* Sources */,
				3C5763011ECA75E200517ED0 /* Frameworks */,
				3C5763021ECA75E200517ED0 /* Resources */,
			);
			buildRules = (
			);
			dependencies = (
				3C5763061ECA75E200517ED0 /* PBXTargetDependency */,
			);
			name = "co-speak-appUITests";
			productName = "co-speak-appUITests";
			productReference = 3C5763041ECA75E200517ED0 /* co-speak-appUITests.xctest */;
			productType = "com.apple.product-type.bundle.ui-testing";
		};
/* End PBXNativeTarget section */

/* Begin PBXProject section */
		3C5762DD1ECA75E200517ED0 /* Project object */ = {
			isa = PBXProject;
			attributes = {
				LastSwiftUpdateCheck = 0830;
				LastUpgradeCheck = 0830;
				ORGANIZATIONNAME = dancingpenguindesigns;
				TargetAttributes = {
					3C5762E41ECA75E200517ED0 = {
						CreatedOnToolsVersion = 8.3.2;
						ProvisioningStyle = Manual;
					};
					3C5762F81ECA75E200517ED0 = {
						CreatedOnToolsVersion = 8.3.2;
						ProvisioningStyle = Automatic;
						TestTargetID = 3C5762E41ECA75E200517ED0;
					};
					3C5763031ECA75E200517ED0 = {
						CreatedOnToolsVersion = 8.3.2;
						ProvisioningStyle = Automatic;
						TestTargetID = 3C5762E41ECA75E200517ED0;
					};
				};
			};
			buildConfigurationList = 3C5762E01ECA75E200517ED0 /* Build configuration list for PBXProject "co-speak-app" */;
			compatibilityVersion = "Xcode 3.2";
			developmentRegion = English;
			hasScannedForEncodings = 0;
			knownRegions = (
				en,
				Base,
			);
			mainGroup = 3C5762DC1ECA75E200517ED0;
			productRefGroup = 3C5762E61ECA75E200517ED0 /* Products */;
			projectDirPath = "";
			projectReferences = (
				{
					ProductGroup = 3C57632D1ECA760C00517ED0 /* Products */;
					ProjectRef = 3C57632C1ECA760C00517ED0 /* Socket.IO-Client-Swift.xcodeproj */;
				},
			);
			projectRoot = "";
			targets = (
				3C5762E41ECA75E200517ED0 /* co-speak-app */,
				3C5762F81ECA75E200517ED0 /* co-speak-appTests */,
				3C5763031ECA75E200517ED0 /* co-speak-appUITests */,
			);
		};
/* End PBXProject section */

/* Begin PBXReferenceProxy section */
		3C5763661ECA760C00517ED0 /* SocketIO.framework */ = {
			isa = PBXReferenceProxy;
			fileType = wrapper.framework;
			path = SocketIO.framework;
			remoteRef = 3C5763651ECA760C00517ED0 /* PBXContainerItemProxy */;
			sourceTree = BUILT_PRODUCTS_DIR;
		};
		3C5763681ECA760C00517ED0 /* SocketIO-iOSTests.xctest */ = {
			isa = PBXReferenceProxy;
			fileType = wrapper.cfbundle;
			path = "SocketIO-iOSTests.xctest";
			remoteRef = 3C5763671ECA760C00517ED0 /* PBXContainerItemProxy */;
			sourceTree = BUILT_PRODUCTS_DIR;
		};
		3C57636A1ECA760C00517ED0 /* SocketIO.framework */ = {
			isa = PBXReferenceProxy;
			fileType = wrapper.framework;
			path = SocketIO.framework;
			remoteRef = 3C5763691ECA760C00517ED0 /* PBXContainerItemProxy */;
			sourceTree = BUILT_PRODUCTS_DIR;
		};
		3C57636C1ECA760C00517ED0 /* SocketIO-MacTests.xctest */ = {
			isa = PBXReferenceProxy;
			fileType = wrapper.cfbundle;
			path = "SocketIO-MacTests.xctest";
			remoteRef = 3C57636B1ECA760C00517ED0 /* PBXContainerItemProxy */;
			sourceTree = BUILT_PRODUCTS_DIR;
		};
		3C57636E1ECA760C00517ED0 /* SocketIO.framework */ = {
			isa = PBXReferenceProxy;
			fileType = wrapper.framework;
			path = SocketIO.framework;
			remoteRef = 3C57636D1ECA760C00517ED0 /* PBXContainerItemProxy */;
			sourceTree = BUILT_PRODUCTS_DIR;
		};
		3C5763701ECA760C00517ED0 /* SocketIO-tvOSTests.xctest */ = {
			isa = PBXReferenceProxy;
			fileType = wrapper.cfbundle;
			path = "SocketIO-tvOSTests.xctest";
			remoteRef = 3C57636F1ECA760C00517ED0 /* PBXContainerItemProxy */;
			sourceTree = BUILT_PRODUCTS_DIR;
		};
/* End PBXReferenceProxy section */

/* Begin PBXResourcesBuildPhase section */
		3C5762E31ECA75E200517ED0 /* Resources */ = {
			isa = PBXResourcesBuildPhase;
			buildActionMask = 2147483647;
			files = (
				3C5762F31ECA75E200517ED0 /* LaunchScreen.storyboard in Resources */,
				3C5762F01ECA75E200517ED0 /* Assets.xcassets in Resources */,
				3C5762EE1ECA75E200517ED0 /* Main.storyboard in Resources */,
			);
			runOnlyForDeploymentPostprocessing = 0;
		};
		3C5762F71ECA75E200517ED0 /* Resources */ = {
			isa = PBXResourcesBuildPhase;
			buildActionMask = 2147483647;
			files = (
			);
			runOnlyForDeploymentPostprocessing = 0;
		};
		3C5763021ECA75E200517ED0 /* Resources */ = {
			isa = PBXResourcesBuildPhase;
			buildActionMask = 2147483647;
			files = (
			);
			runOnlyForDeploymentPostprocessing = 0;
		};
/* End PBXResourcesBuildPhase section */

/* Begin PBXSourcesBuildPhase section */
		3C5762E11ECA75E200517ED0 /* Sources */ = {
			isa = PBXSourcesBuildPhase;
			buildActionMask = 2147483647;
			files = (
				3C5763531ECA760C00517ED0 /* SocketIOClient.swift in Sources */,
				3C5763521ECA760C00517ED0 /* SocketExtensions.swift in Sources */,
				3C5763501ECA760C00517ED0 /* SocketEngineWebsocket.swift in Sources */,
				3C5763551ECA760C00517ED0 /* SocketIOClientOption.swift in Sources */,
				3C5763561ECA760C00517ED0 /* SocketIOClientSpec.swift in Sources */,
				3C5763571ECA760C00517ED0 /* SocketIOClientStatus.swift in Sources */,
				3C5763581ECA760C00517ED0 /* SocketLogger.swift in Sources */,
				3C5763491ECA760C00517ED0 /* SocketAnyEvent.swift in Sources */,
				3C57635B1ECA760C00517ED0 /* SocketStringReader.swift in Sources */,
				3C57635E1ECA760C00517ED0 /* WebSocket.swift in Sources */,
				3C57635A1ECA760C00517ED0 /* SocketParsable.swift in Sources */,
				3C57635C1ECA760C00517ED0 /* SocketTypes.swift in Sources */,
				3C5763511ECA760C00517ED0 /* SocketEventHandler.swift in Sources */,
				3C57634C1ECA760C00517ED0 /* SocketEngineClient.swift in Sources */,
				3C5763591ECA760C00517ED0 /* SocketPacket.swift in Sources */,
				3C5763481ECA760C00517ED0 /* SocketAckManager.swift in Sources */,
				3C57634F1ECA760C00517ED0 /* SocketEngineSpec.swift in Sources */,
				3C5763471ECA760C00517ED0 /* SocketAckEmitter.swift in Sources */,
				3C57634B1ECA760C00517ED0 /* SocketEngine.swift in Sources */,
				3C5762EB1ECA75E200517ED0 /* ViewController.swift in Sources */,
				3C5762E91ECA75E200517ED0 /* AppDelegate.swift in Sources */,
				3C5763541ECA760C00517ED0 /* SocketIOClientConfiguration.swift in Sources */,
				3C57635D1ECA760C00517ED0 /* SSLSecurity.swift in Sources */,
				3C57634E1ECA760C00517ED0 /* SocketEnginePollable.swift in Sources */,
				3C57634D1ECA760C00517ED0 /* SocketEnginePacketType.swift in Sources */,
				3C57634A1ECA760C00517ED0 /* SocketClientManager.swift in Sources */,
			);
			runOnlyForDeploymentPostprocessing = 0;
		};
		3C5762F51ECA75E200517ED0 /* Sources */ = {
			isa = PBXSourcesBuildPhase;
			buildActionMask = 2147483647;
			files = (
				3C5762FE1ECA75E200517ED0 /* co_speak_appTests.swift in Sources */,
			);
			runOnlyForDeploymentPostprocessing = 0;
		};
		3C5763001ECA75E200517ED0 /* Sources */ = {
			isa = PBXSourcesBuildPhase;
			buildActionMask = 2147483647;
			files = (
				3C5763091ECA75E200517ED0 /* co_speak_appUITests.swift in Sources */,
			);
			runOnlyForDeploymentPostprocessing = 0;
		};
/* End PBXSourcesBuildPhase section */

/* Begin PBXTargetDependency section */
		3C5762FB1ECA75E200517ED0 /* PBXTargetDependency */ = {
			isa = PBXTargetDependency;
			target = 3C5762E41ECA75E200517ED0 /* co-speak-app */;
			targetProxy = 3C5762FA1ECA75E200517ED0 /* PBXContainerItemProxy */;
		};
		3C5763061ECA75E200517ED0 /* PBXTargetDependency */ = {
			isa = PBXTargetDependency;
			target = 3C5762E41ECA75E200517ED0 /* co-speak-app */;
			targetProxy = 3C5763051ECA75E200517ED0 /* PBXContainerItemProxy */;
		};
/* End PBXTargetDependency section */

/* Begin PBXVariantGroup section */
		3C5762EC1ECA75E200517ED0 /* Main.storyboard */ = {
			isa = PBXVariantGroup;
			children = (
				3C5762ED1ECA75E200517ED0 /* Base */,
			);
			name = Main.storyboard;
			sourceTree = "<group>";
		};
		3C5762F11ECA75E200517ED0 /* LaunchScreen.storyboard */ = {
			isa = PBXVariantGroup;
			children = (
				3C5762F21ECA75E200517ED0 /* Base */,
			);
			name = LaunchScreen.storyboard;
			sourceTree = "<group>";
		};
/* End PBXVariantGroup section */

/* Begin XCBuildConfiguration section */
		3C57630B1ECA75E200517ED0 /* Debug */ = {
			isa = XCBuildConfiguration;
			buildSettings = {
				ALWAYS_SEARCH_USER_PATHS = NO;
				CLANG_ANALYZER_NONNULL = YES;
				CLANG_ANALYZER_NUMBER_OBJECT_CONVERSION = YES_AGGRESSIVE;
				CLANG_CXX_LANGUAGE_STANDARD = "gnu++0x";
				CLANG_CXX_LIBRARY = "libc++";
				CLANG_ENABLE_MODULES = YES;
				CLANG_ENABLE_OBJC_ARC = YES;
				CLANG_WARN_BOOL_CONVERSION = YES;
				CLANG_WARN_CONSTANT_CONVERSION = YES;
				CLANG_WARN_DIRECT_OBJC_ISA_USAGE = YES_ERROR;
				CLANG_WARN_DOCUMENTATION_COMMENTS = YES;
				CLANG_WARN_EMPTY_BODY = YES;
				CLANG_WARN_ENUM_CONVERSION = YES;
				CLANG_WARN_INFINITE_RECURSION = YES;
				CLANG_WARN_INT_CONVERSION = YES;
				CLANG_WARN_OBJC_ROOT_CLASS = YES_ERROR;
				CLANG_WARN_SUSPICIOUS_MOVE = YES;
				CLANG_WARN_UNREACHABLE_CODE = YES;
				CLANG_WARN__DUPLICATE_METHOD_MATCH = YES;
				"CODE_SIGN_IDENTITY[sdk=iphoneos*]" = "iPhone Developer";
				COPY_PHASE_STRIP = NO;
				DEBUG_INFORMATION_FORMAT = dwarf;
				ENABLE_STRICT_OBJC_MSGSEND = YES;
				ENABLE_TESTABILITY = YES;
				GCC_C_LANGUAGE_STANDARD = gnu99;
				GCC_DYNAMIC_NO_PIC = NO;
				GCC_NO_COMMON_BLOCKS = YES;
				GCC_OPTIMIZATION_LEVEL = 0;
				GCC_PREPROCESSOR_DEFINITIONS = (
					"DEBUG=1",
					"$(inherited)",
				);
				GCC_WARN_64_TO_32_BIT_CONVERSION = YES;
				GCC_WARN_ABOUT_RETURN_TYPE = YES_ERROR;
				GCC_WARN_UNDECLARED_SELECTOR = YES;
				GCC_WARN_UNINITIALIZED_AUTOS = YES_AGGRESSIVE;
				GCC_WARN_UNUSED_FUNCTION = YES;
				GCC_WARN_UNUSED_VARIABLE = YES;
				IPHONEOS_DEPLOYMENT_TARGET = 10.3;
				MTL_ENABLE_DEBUG_INFO = YES;
				ONLY_ACTIVE_ARCH = YES;
				SDKROOT = iphoneos;
				SWIFT_ACTIVE_COMPILATION_CONDITIONS = DEBUG;
				SWIFT_OPTIMIZATION_LEVEL = "-Onone";
				TARGETED_DEVICE_FAMILY = "1,2";
			};
			name = Debug;
		};
		3C57630C1ECA75E200517ED0 /* Release */ = {
			isa = XCBuildConfiguration;
			buildSettings = {
				ALWAYS_SEARCH_USER_PATHS = NO;
				CLANG_ANALYZER_NONNULL = YES;
				CLANG_ANALYZER_NUMBER_OBJECT_CONVERSION = YES_AGGRESSIVE;
				CLANG_CXX_LANGUAGE_STANDARD = "gnu++0x";
				CLANG_CXX_LIBRARY = "libc++";
				CLANG_ENABLE_MODULES = YES;
				CLANG_ENABLE_OBJC_ARC = YES;
				CLANG_WARN_BOOL_CONVERSION = YES;
				CLANG_WARN_CONSTANT_CONVERSION = YES;
				CLANG_WARN_DIRECT_OBJC_ISA_USAGE = YES_ERROR;
				CLANG_WARN_DOCUMENTATION_COMMENTS = YES;
				CLANG_WARN_EMPTY_BODY = YES;
				CLANG_WARN_ENUM_CONVERSION = YES;
				CLANG_WARN_INFINITE_RECURSION = YES;
				CLANG_WARN_INT_CONVERSION = YES;
				CLANG_WARN_OBJC_ROOT_CLASS = YES_ERROR;
				CLANG_WARN_SUSPICIOUS_MOVE = YES;
				CLANG_WARN_UNREACHABLE_CODE = YES;
				CLANG_WARN__DUPLICATE_METHOD_MATCH = YES;
				"CODE_SIGN_IDENTITY[sdk=iphoneos*]" = "iPhone Developer";
				COPY_PHASE_STRIP = NO;
				DEBUG_INFORMATION_FORMAT = "dwarf-with-dsym";
				ENABLE_NS_ASSERTIONS = NO;
				ENABLE_STRICT_OBJC_MSGSEND = YES;
				GCC_C_LANGUAGE_STANDARD = gnu99;
				GCC_NO_COMMON_BLOCKS = YES;
				GCC_WARN_64_TO_32_BIT_CONVERSION = YES;
				GCC_WARN_ABOUT_RETURN_TYPE = YES_ERROR;
				GCC_WARN_UNDECLARED_SELECTOR = YES;
				GCC_WARN_UNINITIALIZED_AUTOS = YES_AGGRESSIVE;
				GCC_WARN_UNUSED_FUNCTION = YES;
				GCC_WARN_UNUSED_VARIABLE = YES;
				IPHONEOS_DEPLOYMENT_TARGET = 10.3;
				MTL_ENABLE_DEBUG_INFO = NO;
				SDKROOT = iphoneos;
				SWIFT_OPTIMIZATION_LEVEL = "-Owholemodule";
				TARGETED_DEVICE_FAMILY = "1,2";
				VALIDATE_PRODUCT = YES;
			};
			name = Release;
		};
		3C57630E1ECA75E200517ED0 /* Debug */ = {
			isa = XCBuildConfiguration;
			buildSettings = {
				ASSETCATALOG_COMPILER_APPICON_NAME = AppIcon;
				DEVELOPMENT_TEAM = "";
				INFOPLIST_FILE = "co-speak-app/Info.plist";
				LD_RUNPATH_SEARCH_PATHS = "$(inherited) @executable_path/Frameworks";
				PRODUCT_BUNDLE_IDENTIFIER = "dpd.co-speak-app-2";
				PRODUCT_NAME = "$(TARGET_NAME)";
				PROVISIONING_PROFILE_SPECIFIER = "";
				SWIFT_VERSION = 3.0;
			};
			name = Debug;
		};
		3C57630F1ECA75E200517ED0 /* Release */ = {
			isa = XCBuildConfiguration;
			buildSettings = {
				ASSETCATALOG_COMPILER_APPICON_NAME = AppIcon;
				DEVELOPMENT_TEAM = "";
				INFOPLIST_FILE = "co-speak-app/Info.plist";
				LD_RUNPATH_SEARCH_PATHS = "$(inherited) @executable_path/Frameworks";
				PRODUCT_BUNDLE_IDENTIFIER = "dpd.co-speak-app-2";
				PRODUCT_NAME = "$(TARGET_NAME)";
				PROVISIONING_PROFILE_SPECIFIER = "";
				SWIFT_VERSION = 3.0;
			};
			name = Release;
		};
		3C5763111ECA75E200517ED0 /* Debug */ = {
			isa = XCBuildConfiguration;
			buildSettings = {
				ALWAYS_EMBED_SWIFT_STANDARD_LIBRARIES = YES;
				BUNDLE_LOADER = "$(TEST_HOST)";
				INFOPLIST_FILE = "co-speak-appTests/Info.plist";
				LD_RUNPATH_SEARCH_PATHS = "$(inherited) @executable_path/Frameworks @loader_path/Frameworks";
				PRODUCT_BUNDLE_IDENTIFIER = "dpd.co-speak-appTests";
				PRODUCT_NAME = "$(TARGET_NAME)";
				SWIFT_VERSION = 3.0;
				TEST_HOST = "$(BUILT_PRODUCTS_DIR)/co-speak-app.app/co-speak-app";
			};
			name = Debug;
		};
		3C5763121ECA75E200517ED0 /* Release */ = {
			isa = XCBuildConfiguration;
			buildSettings = {
				ALWAYS_EMBED_SWIFT_STANDARD_LIBRARIES = YES;
				BUNDLE_LOADER = "$(TEST_HOST)";
				INFOPLIST_FILE = "co-speak-appTests/Info.plist";
				LD_RUNPATH_SEARCH_PATHS = "$(inherited) @executable_path/Frameworks @loader_path/Frameworks";
				PRODUCT_BUNDLE_IDENTIFIER = "dpd.co-speak-appTests";
				PRODUCT_NAME = "$(TARGET_NAME)";
				SWIFT_VERSION = 3.0;
				TEST_HOST = "$(BUILT_PRODUCTS_DIR)/co-speak-app.app/co-speak-app";
			};
			name = Release;
		};
		3C5763141ECA75E200517ED0 /* Debug */ = {
			isa = XCBuildConfiguration;
			buildSettings = {
				ALWAYS_EMBED_SWIFT_STANDARD_LIBRARIES = YES;
				INFOPLIST_FILE = "co-speak-appUITests/Info.plist";
				LD_RUNPATH_SEARCH_PATHS = "$(inherited) @executable_path/Frameworks @loader_path/Frameworks";
				PRODUCT_BUNDLE_IDENTIFIER = "dpd.co-speak-appUITests";
				PRODUCT_NAME = "$(TARGET_NAME)";
				SWIFT_VERSION = 3.0;
				TEST_TARGET_NAME = "co-speak-app";
			};
			name = Debug;
		};
		3C5763151ECA75E200517ED0 /* Release */ = {
			isa = XCBuildConfiguration;
			buildSettings = {
				ALWAYS_EMBED_SWIFT_STANDARD_LIBRARIES = YES;
				INFOPLIST_FILE = "co-speak-appUITests/Info.plist";
				LD_RUNPATH_SEARCH_PATHS = "$(inherited) @executable_path/Frameworks @loader_path/Frameworks";
				PRODUCT_BUNDLE_IDENTIFIER = "dpd.co-speak-appUITests";
				PRODUCT_NAME = "$(TARGET_NAME)";
				SWIFT_VERSION = 3.0;
				TEST_TARGET_NAME = "co-speak-app";
			};
			name = Release;
		};
/* End XCBuildConfiguration section */

/* Begin XCConfigurationList section */
		3C5762E01ECA75E200517ED0 /* Build configuration list for PBXProject "co-speak-app" */ = {
			isa = XCConfigurationList;
			buildConfigurations = (
				3C57630B1ECA75E200517ED0 /* Debug */,
				3C57630C1ECA75E200517ED0 /* Release */,
			);
			defaultConfigurationIsVisible = 0;
			defaultConfigurationName = Release;
		};
		3C57630D1ECA75E200517ED0 /* Build configuration list for PBXNativeTarget "co-speak-app" */ = {
			isa = XCConfigurationList;
			buildConfigurations = (
				3C57630E1ECA75E200517ED0 /* Debug */,
				3C57630F1ECA75E200517ED0 /* Release */,
			);
			defaultConfigurationIsVisible = 0;
			defaultConfigurationName = Release;
		};
		3C5763101ECA75E200517ED0 /* Build configuration list for PBXNativeTarget "co-speak-appTests" */ = {
			isa = XCConfigurationList;
			buildConfigurations = (
				3C5763111ECA75E200517ED0 /* Debug */,
				3C5763121ECA75E200517ED0 /* Release */,
			);
			defaultConfigurationIsVisible = 0;
			defaultConfigurationName = Release;
		};
		3C5763131ECA75E200517ED0 /* Build configuration list for PBXNativeTarget "co-speak-appUITests" */ = {
			isa = XCConfigurationList;
			buildConfigurations = (
				3C5763141ECA75E200517ED0 /* Debug */,
				3C5763151ECA75E200517ED0 /* Release */,
			);
			defaultConfigurationIsVisible = 0;
			defaultConfigurationName = Release;
		};
/* End XCConfigurationList section */
	};
	rootObject = 3C5762DD1ECA75E200517ED0 /* Project object */;
}
